// !$*UTF8*$!
{
	archiveVersion = 1;
	classes = {
	};
	objectVersion = 56;
	objects = {

/* Begin PBXBuildFile section */
		7623FA1E2ABCC5AB003D25FD /* ErrorWrapper.swift in Sources */ = {isa = PBXBuildFile; fileRef = 7623FA1D2ABCC5AB003D25FD /* ErrorWrapper.swift */; };
		7623FA202ABCC60B003D25FD /* ErrorView.swift in Sources */ = {isa = PBXBuildFile; fileRef = 7623FA1F2ABCC60B003D25FD /* ErrorView.swift */; };
		76B994AA2ABCAA26007675E6 /* Store.swift in Sources */ = {isa = PBXBuildFile; fileRef = 76B994A92ABCAA26007675E6 /* Store.swift */; };
		76C4A5562ABA04A000359FA8 /* Pro_RoutinesApp.swift in Sources */ = {isa = PBXBuildFile; fileRef = 76C4A5552ABA04A000359FA8 /* Pro_RoutinesApp.swift */; };
		76C4A5582ABA04A000359FA8 /* RoutineActionView.swift in Sources */ = {isa = PBXBuildFile; fileRef = 76C4A5572ABA04A000359FA8 /* RoutineActionView.swift */; };
		76C4A55A2ABA04A100359FA8 /* Assets.xcassets in Resources */ = {isa = PBXBuildFile; fileRef = 76C4A5592ABA04A100359FA8 /* Assets.xcassets */; };
		76C4A55D2ABA04A100359FA8 /* Preview Assets.xcassets in Resources */ = {isa = PBXBuildFile; fileRef = 76C4A55C2ABA04A100359FA8 /* Preview Assets.xcassets */; };
		76C4A5652ABA0FF900359FA8 /* Theme.swift in Sources */ = {isa = PBXBuildFile; fileRef = 76C4A5642ABA0FF900359FA8 /* Theme.swift */; };
		76C4A5672ABA117100359FA8 /* ProRoutine.swift in Sources */ = {isa = PBXBuildFile; fileRef = 76C4A5662ABA117100359FA8 /* ProRoutine.swift */; };
		76C4A56A2ABA131400359FA8 /* RoutinePreView.swift in Sources */ = {isa = PBXBuildFile; fileRef = 76C4A5692ABA131400359FA8 /* RoutinePreView.swift */; };
		76C4A56C2ABA173400359FA8 /* RoutinesListView.swift in Sources */ = {isa = PBXBuildFile; fileRef = 76C4A56B2ABA173400359FA8 /* RoutinesListView.swift */; };
		76C4A56E2ABA1B7000359FA8 /* RoutineDetailView.swift in Sources */ = {isa = PBXBuildFile; fileRef = 76C4A56D2ABA1B7000359FA8 /* RoutineDetailView.swift */; };
		76C4A5702ABA264900359FA8 /* RoutineConfigView.swift in Sources */ = {isa = PBXBuildFile; fileRef = 76C4A56F2ABA264900359FA8 /* RoutineConfigView.swift */; };
		76C4A5722ABA363600359FA8 /* Watchdog.swift in Sources */ = {isa = PBXBuildFile; fileRef = 76C4A5712ABA363600359FA8 /* Watchdog.swift */; };
		76C4A5742ABA424100359FA8 /* AVPlayer+Ding.swift in Sources */ = {isa = PBXBuildFile; fileRef = 76C4A5732ABA424100359FA8 /* AVPlayer+Ding.swift */; };
		76C4A5772ABA43FE00359FA8 /* ding.wav in Resources */ = {isa = PBXBuildFile; fileRef = 76C4A5762ABA43FE00359FA8 /* ding.wav */; };
		76C4A57A2ABA441600359FA8 /* LICENSE.txt in Resources */ = {isa = PBXBuildFile; fileRef = 76C4A5792ABA441600359FA8 /* LICENSE.txt */; };
		76C4A57C2ABA463800359FA8 /* NewRoutineSheet.swift in Sources */ = {isa = PBXBuildFile; fileRef = 76C4A57B2ABA463800359FA8 /* NewRoutineSheet.swift */; };
/* End PBXBuildFile section */

/* Begin PBXFileReference section */
		7623FA1D2ABCC5AB003D25FD /* ErrorWrapper.swift */ = {isa = PBXFileReference; lastKnownFileType = sourcecode.swift; path = ErrorWrapper.swift; sourceTree = "<group>"; };
		7623FA1F2ABCC60B003D25FD /* ErrorView.swift */ = {isa = PBXFileReference; lastKnownFileType = sourcecode.swift; path = ErrorView.swift; sourceTree = "<group>"; };
		76B994A92ABCAA26007675E6 /* Store.swift */ = {isa = PBXFileReference; lastKnownFileType = sourcecode.swift; path = Store.swift; sourceTree = "<group>"; };
		76C4A5522ABA04A000359FA8 /* Pro Routines.app */ = {isa = PBXFileReference; explicitFileType = wrapper.application; includeInIndex = 0; path = "Pro Routines.app"; sourceTree = BUILT_PRODUCTS_DIR; };
		76C4A5552ABA04A000359FA8 /* Pro_RoutinesApp.swift */ = {isa = PBXFileReference; lastKnownFileType = sourcecode.swift; path = Pro_RoutinesApp.swift; sourceTree = "<group>"; };
		76C4A5572ABA04A000359FA8 /* RoutineActionView.swift */ = {isa = PBXFileReference; lastKnownFileType = sourcecode.swift; path = RoutineActionView.swift; sourceTree = "<group>"; };
		76C4A5592ABA04A100359FA8 /* Assets.xcassets */ = {isa = PBXFileReference; lastKnownFileType = folder.assetcatalog; path = Assets.xcassets; sourceTree = "<group>"; };
		76C4A55C2ABA04A100359FA8 /* Preview Assets.xcassets */ = {isa = PBXFileReference; lastKnownFileType = folder.assetcatalog; path = "Preview Assets.xcassets"; sourceTree = "<group>"; };
		76C4A5642ABA0FF900359FA8 /* Theme.swift */ = {isa = PBXFileReference; lastKnownFileType = sourcecode.swift; path = Theme.swift; sourceTree = "<group>"; };
		76C4A5662ABA117100359FA8 /* ProRoutine.swift */ = {isa = PBXFileReference; lastKnownFileType = sourcecode.swift; path = ProRoutine.swift; sourceTree = "<group>"; };
		76C4A5692ABA131400359FA8 /* RoutinePreView.swift */ = {isa = PBXFileReference; lastKnownFileType = sourcecode.swift; path = RoutinePreView.swift; sourceTree = "<group>"; };
		76C4A56B2ABA173400359FA8 /* RoutinesListView.swift */ = {isa = PBXFileReference; lastKnownFileType = sourcecode.swift; path = RoutinesListView.swift; sourceTree = "<group>"; };
		76C4A56D2ABA1B7000359FA8 /* RoutineDetailView.swift */ = {isa = PBXFileReference; lastKnownFileType = sourcecode.swift; path = RoutineDetailView.swift; sourceTree = "<group>"; };
		76C4A56F2ABA264900359FA8 /* RoutineConfigView.swift */ = {isa = PBXFileReference; lastKnownFileType = sourcecode.swift; path = RoutineConfigView.swift; sourceTree = "<group>"; };
		76C4A5712ABA363600359FA8 /* Watchdog.swift */ = {isa = PBXFileReference; lastKnownFileType = sourcecode.swift; path = Watchdog.swift; sourceTree = "<group>"; };
		76C4A5732ABA424100359FA8 /* AVPlayer+Ding.swift */ = {isa = PBXFileReference; lastKnownFileType = sourcecode.swift; path = "AVPlayer+Ding.swift"; sourceTree = "<group>"; };
		76C4A5762ABA43FE00359FA8 /* ding.wav */ = {isa = PBXFileReference; lastKnownFileType = audio.wav; path = ding.wav; sourceTree = "<group>"; };
		76C4A5792ABA441600359FA8 /* LICENSE.txt */ = {isa = PBXFileReference; fileEncoding = 4; lastKnownFileType = text; path = LICENSE.txt; sourceTree = "<group>"; };
		76C4A57B2ABA463800359FA8 /* NewRoutineSheet.swift */ = {isa = PBXFileReference; lastKnownFileType = sourcecode.swift; path = NewRoutineSheet.swift; sourceTree = "<group>"; };
/* End PBXFileReference section */

/* Begin PBXFrameworksBuildPhase section */
		76C4A54F2ABA04A000359FA8 /* Frameworks */ = {
			isa = PBXFrameworksBuildPhase;
			buildActionMask = 2147483647;
			files = (
			);
			runOnlyForDeploymentPostprocessing = 0;
		};
/* End PBXFrameworksBuildPhase section */

/* Begin PBXGroup section */
		76C4A5492ABA04A000359FA8 = {
			isa = PBXGroup;
			children = (
				76C4A5782ABA441600359FA8 /* LICENSE */,
				76C4A5542ABA04A000359FA8 /* Pro Routines */,
				76C4A5532ABA04A000359FA8 /* Products */,
			);
			sourceTree = "<group>";
		};
		76C4A5532ABA04A000359FA8 /* Products */ = {
			isa = PBXGroup;
			children = (
				76C4A5522ABA04A000359FA8 /* Pro Routines.app */,
			);
			name = Products;
			sourceTree = "<group>";
		};
		76C4A5542ABA04A000359FA8 /* Pro Routines */ = {
			isa = PBXGroup;
			children = (
				76C4A5752ABA43FE00359FA8 /* Resources */,
				76C4A5632ABA0FE000359FA8 /* Models */,
				76C4A5682ABA12FB00359FA8 /* Views */,
				76C4A5592ABA04A100359FA8 /* Assets.xcassets */,
				76C4A55B2ABA04A100359FA8 /* Preview Content */,
			);
			path = "Pro Routines";
			sourceTree = "<group>";
		};
		76C4A55B2ABA04A100359FA8 /* Preview Content */ = {
			isa = PBXGroup;
			children = (
				76C4A55C2ABA04A100359FA8 /* Preview Assets.xcassets */,
			);
			path = "Preview Content";
			sourceTree = "<group>";
		};
		76C4A5632ABA0FE000359FA8 /* Models */ = {
			isa = PBXGroup;
			children = (
				7623FA1D2ABCC5AB003D25FD /* ErrorWrapper.swift */,
				76C4A5552ABA04A000359FA8 /* Pro_RoutinesApp.swift */,
				76C4A5642ABA0FF900359FA8 /* Theme.swift */,
				76C4A5662ABA117100359FA8 /* ProRoutine.swift */,
				76B994A92ABCAA26007675E6 /* Store.swift */,
				76C4A5712ABA363600359FA8 /* Watchdog.swift */,
				76C4A5732ABA424100359FA8 /* AVPlayer+Ding.swift */,
			);
			path = Models;
			sourceTree = "<group>";
		};
		76C4A5682ABA12FB00359FA8 /* Views */ = {
			isa = PBXGroup;
			children = (
				76C4A5572ABA04A000359FA8 /* RoutineActionView.swift */,
				76C4A5692ABA131400359FA8 /* RoutinePreView.swift */,
				7623FA1F2ABCC60B003D25FD /* ErrorView.swift */,
				76C4A56B2ABA173400359FA8 /* RoutinesListView.swift */,
				76C4A57B2ABA463800359FA8 /* NewRoutineSheet.swift */,
				76C4A56D2ABA1B7000359FA8 /* RoutineDetailView.swift */,
				76C4A56F2ABA264900359FA8 /* RoutineConfigView.swift */,
			);
			path = Views;
			sourceTree = "<group>";
		};
		76C4A5752ABA43FE00359FA8 /* Resources */ = {
			isa = PBXGroup;
			children = (
				76C4A5762ABA43FE00359FA8 /* ding.wav */,
			);
			path = Resources;
			sourceTree = "<group>";
		};
		76C4A5782ABA441600359FA8 /* LICENSE */ = {
			isa = PBXGroup;
			children = (
				76C4A5792ABA441600359FA8 /* LICENSE.txt */,
			);
			path = LICENSE;
			sourceTree = "<group>";
		};
/* End PBXGroup section */

/* Begin PBXNativeTarget section */
		76C4A5512ABA04A000359FA8 /* Pro Routines */ = {
			isa = PBXNativeTarget;
			buildConfigurationList = 76C4A5602ABA04A100359FA8 /* Build configuration list for PBXNativeTarget "Pro Routines" */;
			buildPhases = (
				76C4A54E2ABA04A000359FA8 /* Sources */,
				76C4A54F2ABA04A000359FA8 /* Frameworks */,
				76C4A5502ABA04A000359FA8 /* Resources */,
			);
			buildRules = (
			);
			dependencies = (
			);
			name = "Pro Routines";
			productName = "Pro Routines";
			productReference = 76C4A5522ABA04A000359FA8 /* Pro Routines.app */;
			productType = "com.apple.product-type.application";
		};
/* End PBXNativeTarget section */

/* Begin PBXProject section */
		76C4A54A2ABA04A000359FA8 /* Project object */ = {
			isa = PBXProject;
			attributes = {
				BuildIndependentTargetsInParallel = 1;
				LastSwiftUpdateCheck = 1430;
				LastUpgradeCheck = 1430;
				TargetAttributes = {
					76C4A5512ABA04A000359FA8 = {
						CreatedOnToolsVersion = 14.3.1;
					};
				};
			};
			buildConfigurationList = 76C4A54D2ABA04A000359FA8 /* Build configuration list for PBXProject "Pro Routines" */;
			compatibilityVersion = "Xcode 14.0";
			developmentRegion = en;
			hasScannedForEncodings = 0;
			knownRegions = (
				en,
				Base,
			);
			mainGroup = 76C4A5492ABA04A000359FA8;
			productRefGroup = 76C4A5532ABA04A000359FA8 /* Products */;
			projectDirPath = "";
			projectRoot = "";
			targets = (
				76C4A5512ABA04A000359FA8 /* Pro Routines */,
			);
		};
/* End PBXProject section */

/* Begin PBXResourcesBuildPhase section */
		76C4A5502ABA04A000359FA8 /* Resources */ = {
			isa = PBXResourcesBuildPhase;
			buildActionMask = 2147483647;
			files = (
				76C4A57A2ABA441600359FA8 /* LICENSE.txt in Resources */,
				76C4A5772ABA43FE00359FA8 /* ding.wav in Resources */,
				76C4A55D2ABA04A100359FA8 /* Preview Assets.xcassets in Resources */,
				76C4A55A2ABA04A100359FA8 /* Assets.xcassets in Resources */,
			);
			runOnlyForDeploymentPostprocessing = 0;
		};
/* End PBXResourcesBuildPhase section */

/* Begin PBXSourcesBuildPhase section */
		76C4A54E2ABA04A000359FA8 /* Sources */ = {
			isa = PBXSourcesBuildPhase;
			buildActionMask = 2147483647;
			files = (
				7623FA1E2ABCC5AB003D25FD /* ErrorWrapper.swift in Sources */,
				76C4A5652ABA0FF900359FA8 /* Theme.swift in Sources */,
				76C4A5702ABA264900359FA8 /* RoutineConfigView.swift in Sources */,
				76C4A56C2ABA173400359FA8 /* RoutinesListView.swift in Sources */,
				76B994AA2ABCAA26007675E6 /* Store.swift in Sources */,
				76C4A57C2ABA463800359FA8 /* NewRoutineSheet.swift in Sources */,
				76C4A56A2ABA131400359FA8 /* RoutinePreView.swift in Sources */,
				76C4A5722ABA363600359FA8 /* Watchdog.swift in Sources */,
				76C4A56E2ABA1B7000359FA8 /* RoutineDetailView.swift in Sources */,
				76C4A5582ABA04A000359FA8 /* RoutineActionView.swift in Sources */,
				76C4A5672ABA117100359FA8 /* ProRoutine.swift in Sources */,
				7623FA202ABCC60B003D25FD /* ErrorView.swift in Sources */,
				76C4A5562ABA04A000359FA8 /* Pro_RoutinesApp.swift in Sources */,
				76C4A5742ABA424100359FA8 /* AVPlayer+Ding.swift in Sources */,
			);
			runOnlyForDeploymentPostprocessing = 0;
		};
/* End PBXSourcesBuildPhase section */

/* Begin XCBuildConfiguration section */
		76C4A55E2ABA04A100359FA8 /* Debug */ = {
			isa = XCBuildConfiguration;
			buildSettings = {
				ALWAYS_SEARCH_USER_PATHS = NO;
				CLANG_ANALYZER_NONNULL = YES;
				CLANG_ANALYZER_NUMBER_OBJECT_CONVERSION = YES_AGGRESSIVE;
				CLANG_CXX_LANGUAGE_STANDARD = "gnu++20";
				CLANG_ENABLE_MODULES = YES;
				CLANG_ENABLE_OBJC_ARC = YES;
				CLANG_ENABLE_OBJC_WEAK = YES;
				CLANG_WARN_BLOCK_CAPTURE_AUTORELEASING = YES;
				CLANG_WARN_BOOL_CONVERSION = YES;
				CLANG_WARN_COMMA = YES;
				CLANG_WARN_CONSTANT_CONVERSION = YES;
				CLANG_WARN_DEPRECATED_OBJC_IMPLEMENTATIONS = YES;
				CLANG_WARN_DIRECT_OBJC_ISA_USAGE = YES_ERROR;
				CLANG_WARN_DOCUMENTATION_COMMENTS = YES;
				CLANG_WARN_EMPTY_BODY = YES;
				CLANG_WARN_ENUM_CONVERSION = YES;
				CLANG_WARN_INFINITE_RECURSION = YES;
				CLANG_WARN_INT_CONVERSION = YES;
				CLANG_WARN_NON_LITERAL_NULL_CONVERSION = YES;
				CLANG_WARN_OBJC_IMPLICIT_RETAIN_SELF = YES;
				CLANG_WARN_OBJC_LITERAL_CONVERSION = YES;
				CLANG_WARN_OBJC_ROOT_CLASS = YES_ERROR;
				CLANG_WARN_QUOTED_INCLUDE_IN_FRAMEWORK_HEADER = YES;
				CLANG_WARN_RANGE_LOOP_ANALYSIS = YES;
				CLANG_WARN_STRICT_PROTOTYPES = YES;
				CLANG_WARN_SUSPICIOUS_MOVE = YES;
				CLANG_WARN_UNGUARDED_AVAILABILITY = YES_AGGRESSIVE;
				CLANG_WARN_UNREACHABLE_CODE = YES;
				CLANG_WARN__DUPLICATE_METHOD_MATCH = YES;
				COPY_PHASE_STRIP = NO;
				DEBUG_INFORMATION_FORMAT = dwarf;
				ENABLE_STRICT_OBJC_MSGSEND = YES;
				ENABLE_TESTABILITY = YES;
				GCC_C_LANGUAGE_STANDARD = gnu11;
				GCC_DYNAMIC_NO_PIC = NO;
				GCC_NO_COMMON_BLOCKS = YES;
				GCC_OPTIMIZATION_LEVEL = 0;
				GCC_PREPROCESSOR_DEFINITIONS = (
					"DEBUG=1",
					"$(inherited)",
				);
				GCC_WARN_64_TO_32_BIT_CONVERSION = YES;
				GCC_WARN_ABOUT_RETURN_TYPE = YES_ERROR;
				GCC_WARN_UNDECLARED_SELECTOR = YES;
				GCC_WARN_UNINITIALIZED_AUTOS = YES_AGGRESSIVE;
				GCC_WARN_UNUSED_FUNCTION = YES;
				GCC_WARN_UNUSED_VARIABLE = YES;
				IPHONEOS_DEPLOYMENT_TARGET = 16.4;
				MTL_ENABLE_DEBUG_INFO = INCLUDE_SOURCE;
				MTL_FAST_MATH = YES;
				ONLY_ACTIVE_ARCH = YES;
				SDKROOT = iphoneos;
				SWIFT_ACTIVE_COMPILATION_CONDITIONS = DEBUG;
				SWIFT_OPTIMIZATION_LEVEL = "-Onone";
			};
			name = Debug;
		};
		76C4A55F2ABA04A100359FA8 /* Release */ = {
			isa = XCBuildConfiguration;
			buildSettings = {
				ALWAYS_SEARCH_USER_PATHS = NO;
				CLANG_ANALYZER_NONNULL = YES;
				CLANG_ANALYZER_NUMBER_OBJECT_CONVERSION = YES_AGGRESSIVE;
				CLANG_CXX_LANGUAGE_STANDARD = "gnu++20";
				CLANG_ENABLE_MODULES = YES;
				CLANG_ENABLE_OBJC_ARC = YES;
				CLANG_ENABLE_OBJC_WEAK = YES;
				CLANG_WARN_BLOCK_CAPTURE_AUTORELEASING = YES;
				CLANG_WARN_BOOL_CONVERSION = YES;
				CLANG_WARN_COMMA = YES;
				CLANG_WARN_CONSTANT_CONVERSION = YES;
				CLANG_WARN_DEPRECATED_OBJC_IMPLEMENTATIONS = YES;
				CLANG_WARN_DIRECT_OBJC_ISA_USAGE = YES_ERROR;
				CLANG_WARN_DOCUMENTATION_COMMENTS = YES;
				CLANG_WARN_EMPTY_BODY = YES;
				CLANG_WARN_ENUM_CONVERSION = YES;
				CLANG_WARN_INFINITE_RECURSION = YES;
				CLANG_WARN_INT_CONVERSION = YES;
				CLANG_WARN_NON_LITERAL_NULL_CONVERSION = YES;
				CLANG_WARN_OBJC_IMPLICIT_RETAIN_SELF = YES;
				CLANG_WARN_OBJC_LITERAL_CONVERSION = YES;
				CLANG_WARN_OBJC_ROOT_CLASS = YES_ERROR;
				CLANG_WARN_QUOTED_INCLUDE_IN_FRAMEWORK_HEADER = YES;
				CLANG_WARN_RANGE_LOOP_ANALYSIS = YES;
				CLANG_WARN_STRICT_PROTOTYPES = YES;
				CLANG_WARN_SUSPICIOUS_MOVE = YES;
				CLANG_WARN_UNGUARDED_AVAILABILITY = YES_AGGRESSIVE;
				CLANG_WARN_UNREACHABLE_CODE = YES;
				CLANG_WARN__DUPLICATE_METHOD_MATCH = YES;
				COPY_PHASE_STRIP = NO;
				DEBUG_INFORMATION_FORMAT = "dwarf-with-dsym";
				ENABLE_NS_ASSERTIONS = NO;
				ENABLE_STRICT_OBJC_MSGSEND = YES;
				GCC_C_LANGUAGE_STANDARD = gnu11;
				GCC_NO_COMMON_BLOCKS = YES;
				GCC_WARN_64_TO_32_BIT_CONVERSION = YES;
				GCC_WARN_ABOUT_RETURN_TYPE = YES_ERROR;
				GCC_WARN_UNDECLARED_SELECTOR = YES;
				GCC_WARN_UNINITIALIZED_AUTOS = YES_AGGRESSIVE;
				GCC_WARN_UNUSED_FUNCTION = YES;
				GCC_WARN_UNUSED_VARIABLE = YES;
				IPHONEOS_DEPLOYMENT_TARGET = 16.4;
				MTL_ENABLE_DEBUG_INFO = NO;
				MTL_FAST_MATH = YES;
				SDKROOT = iphoneos;
				SWIFT_COMPILATION_MODE = wholemodule;
				SWIFT_OPTIMIZATION_LEVEL = "-O";
				VALIDATE_PRODUCT = YES;
			};
			name = Release;
		};
		76C4A5612ABA04A100359FA8 /* Debug */ = {
			isa = XCBuildConfiguration;
			buildSettings = {
				ASSETCATALOG_COMPILER_APPICON_NAME = AppIcon;
				ASSETCATALOG_COMPILER_GLOBAL_ACCENT_COLOR_NAME = AccentColor;
				CODE_SIGN_STYLE = Automatic;
				CURRENT_PROJECT_VERSION = 1;
				DEVELOPMENT_ASSET_PATHS = "\"Pro Routines/Preview Content\"";
				DEVELOPMENT_TEAM = KN8M228AM2;
				ENABLE_PREVIEWS = YES;
				GENERATE_INFOPLIST_FILE = YES;
				INFOPLIST_KEY_UIApplicationSceneManifest_Generation = YES;
				INFOPLIST_KEY_UIApplicationSupportsIndirectInputEvents = YES;
				INFOPLIST_KEY_UILaunchScreen_Generation = YES;
				INFOPLIST_KEY_UISupportedInterfaceOrientations_iPad = "UIInterfaceOrientationPortrait UIInterfaceOrientationPortraitUpsideDown UIInterfaceOrientationLandscapeLeft UIInterfaceOrientationLandscapeRight";
				INFOPLIST_KEY_UISupportedInterfaceOrientations_iPhone = "UIInterfaceOrientationPortrait UIInterfaceOrientationLandscapeLeft UIInterfaceOrientationLandscapeRight";
				LD_RUNPATH_SEARCH_PATHS = (
					"$(inherited)",
					"@executable_path/Frameworks",
				);
				MARKETING_VERSION = 1.0;
				PRODUCT_BUNDLE_IDENTIFIER = "com.jorge-felix.Pro-Routines";
				PRODUCT_NAME = "$(TARGET_NAME)";
				SWIFT_EMIT_LOC_STRINGS = YES;
				SWIFT_VERSION = 5.0;
				TARGETED_DEVICE_FAMILY = "1,2";
			};
			name = Debug;
		};
		76C4A5622ABA04A100359FA8 /* Release */ = {
			isa = XCBuildConfiguration;
			buildSettings = {
				ASSETCATALOG_COMPILER_APPICON_NAME = AppIcon;
				ASSETCATALOG_COMPILER_GLOBAL_ACCENT_COLOR_NAME = AccentColor;
				CODE_SIGN_STYLE = Automatic;
				CURRENT_PROJECT_VERSION = 1;
				DEVELOPMENT_ASSET_PATHS = "\"Pro Routines/Preview Content\"";
				DEVELOPMENT_TEAM = KN8M228AM2;
				ENABLE_PREVIEWS = YES;
				GENERATE_INFOPLIST_FILE = YES;
				INFOPLIST_KEY_UIApplicationSceneManifest_Generation = YES;
				INFOPLIST_KEY_UIApplicationSupportsIndirectInputEvents = YES;
				INFOPLIST_KEY_UILaunchScreen_Generation = YES;
				INFOPLIST_KEY_UISupportedInterfaceOrientations_iPad = "UIInterfaceOrientationPortrait UIInterfaceOrientationPortraitUpsideDown UIInterfaceOrientationLandscapeLeft UIInterfaceOrientationLandscapeRight";
				INFOPLIST_KEY_UISupportedInterfaceOrientations_iPhone = "UIInterfaceOrientationPortrait UIInterfaceOrientationLandscapeLeft UIInterfaceOrientationLandscapeRight";
				LD_RUNPATH_SEARCH_PATHS = (
					"$(inherited)",
					"@executable_path/Frameworks",
				);
				MARKETING_VERSION = 1.0;
				PRODUCT_BUNDLE_IDENTIFIER = "com.jorge-felix.Pro-Routines";
				PRODUCT_NAME = "$(TARGET_NAME)";
				SWIFT_EMIT_LOC_STRINGS = YES;
				SWIFT_VERSION = 5.0;
				TARGETED_DEVICE_FAMILY = "1,2";
			};
			name = Release;
		};
/* End XCBuildConfiguration section */

/* Begin XCConfigurationList section */
		76C4A54D2ABA04A000359FA8 /* Build configuration list for PBXProject "Pro Routines" */ = {
			isa = XCConfigurationList;
			buildConfigurations = (
				76C4A55E2ABA04A100359FA8 /* Debug */,
				76C4A55F2ABA04A100359FA8 /* Release */,
			);
			defaultConfigurationIsVisible = 0;
			defaultConfigurationName = Release;
		};
		76C4A5602ABA04A100359FA8 /* Build configuration list for PBXNativeTarget "Pro Routines" */ = {
			isa = XCConfigurationList;
			buildConfigurations = (
				76C4A5612ABA04A100359FA8 /* Debug */,
				76C4A5622ABA04A100359FA8 /* Release */,
			);
			defaultConfigurationIsVisible = 0;
			defaultConfigurationName = Release;
		};
/* End XCConfigurationList section */
	};
	rootObject = 76C4A54A2ABA04A000359FA8 /* Project object */;
}
